{
  "version": 4,
  "terraform_version": "1.8.2",
  "serial": 19,
  "lineage": "06463b2f-37c7-943c-ff4f-1ca7fd319bcc",
  "outputs": {},
  "resources": [
    {
      "mode": "managed",
      "type": "vault_approle_auth_backend_role",
      "name": "app_role",
      "provider": "provider[\"registry.terraform.io/hashicorp/vault\"]",
      "instances": [
        {
          "schema_version": 0,
          "attributes": {
            "backend": "approle",
            "bind_secret_id": true,
            "id": "auth/approle/role/app_role",
            "namespace": null,
            "role_id": "5349111e-39ac-ed5f-a7ff-5517dc37ca2d",
            "role_name": "app_role",
            "secret_id_bound_cidrs": null,
            "secret_id_num_uses": 0,
            "secret_id_ttl": 0,
            "token_bound_cidrs": null,
            "token_explicit_max_ttl": 0,
            "token_max_ttl": 14400,
            "token_no_default_policy": false,
            "token_num_uses": 0,
            "token_period": 0,
            "token_policies": [
              "app-role-policy"
            ],
            "token_ttl": 3600,
            "token_type": "default"
          },
          "sensitive_attributes": [],
          "private": "bnVsbA==",
          "dependencies": [
            "vault_auth_backend.approle",
            "vault_policy.app_role_policy"
          ]
        }
      ]
    },
    {
      "mode": "managed",
      "type": "vault_auth_backend",
      "name": "approle",
      "provider": "provider[\"registry.terraform.io/hashicorp/vault\"]",
      "instances": [
        {
          "schema_version": 1,
          "attributes": {
            "accessor": "auth_approle_907cdb59",
            "description": "",
            "disable_remount": false,
            "id": "approle",
            "local": false,
            "namespace": null,
            "path": "approle",
            "tune": [],
            "type": "approle"
          },
          "sensitive_attributes": [],
          "private": "eyJzY2hlbWFfdmVyc2lvbiI6IjEifQ=="
        }
      ]
    },
    {
      "mode": "managed",
      "type": "vault_mount",
      "name": "transit",
      "provider": "provider[\"registry.terraform.io/hashicorp/vault\"]",
      "instances": [
        {
          "schema_version": 0,
          "attributes": {
            "accessor": "transit_6442aff4",
            "allowed_managed_keys": null,
            "audit_non_hmac_request_keys": [],
            "audit_non_hmac_response_keys": [],
            "default_lease_ttl_seconds": 0,
            "description": "Transit Secrets Engine for signing service",
            "external_entropy_access": false,
            "id": "transit",
            "local": false,
            "max_lease_ttl_seconds": 0,
            "namespace": null,
            "options": null,
            "path": "transit",
            "seal_wrap": false,
            "type": "transit"
          },
          "sensitive_attributes": [],
          "private": "bnVsbA=="
        }
      ]
    },
    {
      "mode": "managed",
      "type": "vault_policy",
      "name": "app_role_policy",
      "provider": "provider[\"registry.terraform.io/hashicorp/vault\"]",
      "instances": [
        {
          "schema_version": 0,
          "attributes": {
            "id": "app-role-policy",
            "name": "app-role-policy",
            "namespace": null,
            "policy": "path \"transit/encrypt/*\" {\n  capabilities = [\"update\"]\n}\npath \"transit/decrypt/*\" {\n  capabilities = [\"update\"]\n}\npath \"transit/sign/*\" {\n  capabilities = [\"update\"]\n}\npath \"transit/keys/*\" {\n  capabilities = [\"create\", \"read\", \"update\", \"list\"]\n}\npath \"transit/export/*\" {\n  capabilities = [\"deny\"]\n}\npath \"transit/delete/*\" {\n  capabilities = [\"deny\"]\n}\n"
          },
          "sensitive_attributes": [],
          "private": "bnVsbA=="
        }
      ]
    }
  ],
  "check_results": null
}
